# This file is automatically @generated by Cargo.
# It is not intended for manual editing.
version = 3

[[package]]
name = "a"
version = "0.1.0"

[[package]]
name = "b"
version = "0.1.0"
dependencies = [
 "a",
]

[[package]]
name = "c"
version = "0.1.0"
dependencies = [
 "b",
]

[[package]]
name = "prerelease-ahead-major"
version = "1.0.0"

[[package]]
name = "prerelease-ahead-minor"
version = "1.0.0"

[[package]]
name = "prerelease-ahead-patch"
version = "1.0.0"

[[package]]
name = "prerelease-matches-stable-0-1-0"
version = "0.1.0"

[[package]]
name = "prerelease-matches-stable-1-0-0"
version = "1.0.0"

[[package]]
name = "stable-only-0-1-0"
version = "0.1.0"

[[package]]
name = "stable-only-0-1-1"
version = "0.1.1"

[[package]]
name = "stable-only-0-2-0"
version = "0.2.0"

[[package]]
name = "stable-only-1-0-0"
version = "1.0.0"

[[package]]
name = "stable-only-1-0-1"
version = "1.0.1"

[[package]]
name = "stable-only-1-1-0"
version = "1.1.0"

[[package]]
name = "stable-only-2-0-0"
version = "2.0.0"
